
Microsoft Visual Studio Solution File, Format Version 12.00
# Visual Studio Version 17
VisualStudioVersion = 17.4.33205.214
MinimumVisualStudioVersion = 10.0.40219.1
Project("{FAE04EC0-301F-11D3-BF4B-00C04F79EFBC}") = "Magic8Ball", "Magic8Ball\Magic8Ball.csproj", "{D554B9CA-4232-4A16-A410-AE1606599A94}"
EndProject
Global
	GlobalSection(SolutionConfigurationPlatforms) = preSolution
		Debug|Any CPU = Debug|Any CPU
		Release|Any CPU = Release|Any CPU
	EndGlobalSection
	GlobalSection(ProjectConfigurationPlatforms) = postSolution
		{D554B9CA-4232-4A16-A410-AE1606599A94}.Debug|Any CPU.ActiveCfg = Debug|Any CPU
		{D554B9CA-4232-4A16-A410-AE1606599A94}.Debug|Any CPU.Build.0 = Debug|Any CPU
		{D554B9CA-4232-4A16-A410-AE1606599A94}.Release|Any CPU.ActiveCfg = Release|Any CPU
		{D554B9CA-4232-4A16-A410-AE1606599A94}.Release|Any CPU.Build.0 = Release|Any CPU
	EndGlobalSection
	GlobalSection(SolutionProperties) = preSolution
		HideSolutionNode = FALSE
	EndGlobalSection
	GlobalSection(ExtensibilityGlobals) = postSolution
		SolutionGuid = {7E6E570C-4235-483D-B70E-0BAB4762C67E}
	EndGlobalSection
EndGlobal
